{"1.2.0",
[{<<"color">>,{pkg,<<"erlang_color">>,<<"1.0.0">>},1},
 {<<"tdiff">>,{pkg,<<"tdiff">>,<<"0.1.2">>},1},
 {<<"unite">>,{pkg,<<"unite">>,<<"0.4.3">>},0}]}.
[
{pkg_hash,[
 {<<"color">>, <<"145FE1D2E65C4516E4F03FEFCA6C2F47EBAD5899D978D70382A5CFE643E4AC9E">>},
 {<<"tdiff">>, <<"4E1B30321F1B3D600DF65CD60858EDE1235FE4E5EE042110AB5AD90CD6464AC5">>},
 {<<"unite">>, <<"FE7FC0638CA733F11CE3FD16DC77E8BEC198CF49F7450EB5849D08AE4A3A3F21">>}]},
{pkg_hash_ext,[
 {<<"color">>, <<"6B17E5E589C8FEF540574C9EA32B67CEC2C8A44283AAFE474D6E5818FB3EE038">>},
 {<<"tdiff">>, <<"E0C2E168F99252A5889768D5C8F1E6510A184592D4CFA06B22778A18D33D7875">>},
 {<<"unite">>, <<"8A7984C5E02E16E52AF60503889596837B7920A114873729B18F15ACEEE9960A">>}]}
].
